DEPENDENCIES
  apt
  asterisk (~> 0.2.7)
  freeswitch (~> 0.2)
  lumenvox (~> 0.1)
  mojolingo-misc
    path: mojolingo-misc
  sipp
  sudo
  unimrcp
  wav2rtp (~> 1.0)

GRAPH
  apt (2.3.10)
  asterisk (0.2.7)
    apt (~> 2.2)
    unimrcp (~> 0.1)
  build-essential (1.4.4)
  chef_handler (1.1.6)
  dmg (2.2.0)
  freeswitch (0.6.4)
    apt (~> 2.2)
    yum (~> 3.1)
  git (4.0.2)
    build-essential (>= 0.0.0)
    dmg (>= 0.0.0)
    runit (>= 1.0.0)
    windows (>= 0.0.0)
    yum (~> 3.0)
    yum-epel (>= 0.0.0)
  java (1.22.0)
  lumenvox (0.1.1)
    yum (>= 0.0.0)
    yum-repoforge (>= 0.0.0)
  mojolingo-misc (0.0.0)
    java (~> 1.6)
    rbenv (>= 0.0.0)
    sipp (~> 1.0)
    wav2rtp (~> 1.0)
  ohai (2.0.0)
  rbenv (1.7.1)
    apt (>= 0.0.0)
    build-essential (>= 0.0.0)
    git (>= 0.0.0)
    ohai (>= 1.1)
  runit (1.5.10)
    build-essential (>= 0.0.0)
    yum (~> 3.0)
    yum-epel (>= 0.0.0)
  sipp (1.0.1)
  sudo (2.5.2)
  unimrcp (0.2.0)
    build-essential (~> 1.4)
  wav2rtp (1.0.0)
  windows (1.31.0)
    chef_handler (>= 0.0.0)
  yum (3.2.0)
  yum-epel (0.3.6)
    yum (~> 3.0)
  yum-repoforge (0.2.0)
    yum (~> 3.0)
    yum-epel (>= 0.0.0)
