DEPENDENCIES
  apt
  asterisk (~> 1.1.1)
  freeswitch (~> 1.0.0)
  freeswitch-rayo
  lumenvox (~> 0.1)
  mojolingo-misc
    path: mojolingo-misc
  sipp
  sudo
  unimrcp
  wav2rtp (~> 1.0)

GRAPH
  7-zip (1.0.2)
    windows (>= 1.2.2)
  apt (2.9.2)
  asterisk (1.1.1)
    apt (~> 2.2)
    build-essential (>= 0.0.0)
    unimrcp (~> 1.0)
    yum (~> 3.0)
    yum-epel (>= 0.0.0)
  build-essential (2.3.1)
    7-zip (>= 0.0.0)
  chef_handler (1.3.0)
  dmg (2.3.0)
  freeswitch (1.0.0)
    apt (~> 2.2)
    yum (~> 3.1)
  freeswitch-rayo (0.2.0)
    freeswitch (~> 1.0)
  git (4.3.7)
    build-essential (>= 0.0.0)
    dmg (>= 0.0.0)
    windows (>= 0.0.0)
    yum-epel (>= 0.0.0)
  java (1.39.0)
    apt (>= 0.0.0)
  lumenvox (0.1.1)
    yum (>= 0.0.0)
    yum-repoforge (>= 0.0.0)
  mojolingo-misc (0.0.0)
    java (~> 1.39)
    rbenv (>= 0.0.0)
    sipp (~> 1.0)
    wav2rtp (~> 1.0)
  ohai (2.1.0)
  rbenv (1.7.1)
    apt (>= 0.0.0)
    build-essential (>= 0.0.0)
    git (>= 0.0.0)
    ohai (>= 1.1)
  sipp (1.0.1)
  sudo (2.9.0)
  unimrcp (1.0.0)
    build-essential (>= 0.0.0)
  wav2rtp (1.0.0)
  windows (1.39.1)
    chef_handler (>= 0.0.0)
  yum (3.10.0)
  yum-epel (0.6.5)
    yum (~> 3.2)
  yum-repoforge (0.5.7)
    yum (~> 3.2)
    yum-epel (>= 0.0.0)
