{
  "sources": {
    "mojolingo-misc": {
      "path": "./mojolingo-misc"
    },
    "sipp": {
      "locked_version": "1.0.1"
    },
    "wav2rtp": {
      "path": "./wav2rtp"
    },
    "apt": {
      "locked_version": "2.2.0"
    },
    "asterisk": {
      "locked_version": "0.5.0",
      "git": "git://github.com/mojolingo/asterisk-cookbook.git",
      "ref": "25da156cb9d52eb783dbd16bfdb6ac09a6aff4cd"
    },
    "freeswitch": {
      "locked_version": "0.1.0",
      "git": "https://github.com/mojolingo/freeswitch-cookbook.git",
      "ref": "da6e918da7719fad025b150ab1e65071735b80ec"
    },
    "java": {
      "locked_version": "1.6.0"
    },
    "jmxsh": {
      "locked_version": "1.0.1",
      "git": "https://bitbucket.org/voxeolabs/jmxsh-chef",
      "ref": "ee34c9ec589fdf649359db3e5182775ea3fdbe76"
    },
    "prism": {
      "locked_version": "12.0.1",
      "git": "https://bitbucket.org/voxeolabs/prism-chef.git",
      "ref": "f1fce1e5ff9a083da5a714da550892e355e035a6"
    },
    "rayo": {
      "locked_version": "1.1.0",
      "git": "https://bitbucket.org/voxeolabs/rayo-chef.git",
      "ref": "faefaff392f0e7ece7b8ab8b8d3172ed0d14172a"
    },
    "rbenv": {
      "locked_version": "1.4.1"
    },
    "chef-solo-search": {
      "locked_version": "0.5.1",
      "git": "https://github.com/edelight/chef-solo-search.git",
      "ref": "681f78a108f5f8a3655551b32d9939603628c568"
    },
    "lumenvox": {
      "locked_version": "0.0.2",
      "git": "https://github.com/mojolingo/lumenvox-chef.git",
      "ref": "1e65eb9083752e7b6a13d821c519e46edef3a71d"
    },
    "yum": {
      "locked_version": "2.1.0"
    },
    "sudo": {
      "locked_version": "2.0.4"
    },
    "base": {
      "locked_version": "0.1.0"
    },
    "git": {
      "locked_version": "2.7.0"
    },
    "dmg": {
      "locked_version": "2.0.8"
    },
    "build-essential": {
      "locked_version": "1.4.2"
    },
    "windows": {
      "locked_version": "1.11.0"
    },
    "chef_handler": {
      "locked_version": "1.1.4"
    },
    "runit": {
      "locked_version": "1.4.0"
    },
    "ohai": {
      "locked_version": "1.1.12"
    }
  }
}
