SITE
  remote: http://community.opscode.com/api/v1
  specs:
    apt (1.8.4)

GIT
  remote: git://github.com/mojolingo/asterisk-cookbook.git
  ref: master
  sha: a0cf0188c4cf824d2389afd631761de6c29ced91
  specs:
    asterisk (0.5.0)

GIT
  remote: https://github.com/edelight/chef-solo-search.git
  ref: master
  sha: d84105ac63200425384f98a7999bd9c937bb2ae1
  specs:
    chef-solo-search (0.4.0)

GIT
  remote: https://github.com/mojolingo/freeswitch-cookbook.git
  ref: master
  sha: f4e76ed3928cf6cb60c2a27646479f04c17010e3
  specs:
    freeswitch (0.1.0)

PATH
  remote: mojolingo-misc
  specs:
    mojolingo-misc (0.0.0)

DEPENDENCIES
  apt (>= 0)
  asterisk (>= 0)
  chef-solo-search (>= 0)
  freeswitch (>= 0)
  mojolingo-misc (>= 0)

