SITE
  remote: http://community.opscode.com/api/v1
  specs:
    apt (1.8.4)
    chef_handler (1.1.4)
    java (1.11.4)
      windows (>= 0.0.0)
    windows (1.8.10)
      chef_handler (>= 0.0.0)
    yum (2.1.0)

GIT
  remote: git://github.com/mojolingo/asterisk-cookbook.git
  ref: master
  sha: 086f05f0756639183d43d8b799a7d1f277ea2e08
  specs:
    asterisk (0.5.0)

GIT
  remote: https://bitbucket.org/voxeolabs/jmxsh-chef
  ref: master
  sha: 225f44f863ef8adf47d911775fc2e4798370d4e6
  specs:
    jmxsh (1.0.0)

GIT
  remote: https://bitbucket.org/voxeolabs/prism-chef.git
  ref: master
  sha: f1fce1e5ff9a083da5a714da550892e355e035a6
  specs:
    prism (12.0.1)
      jmxsh (>= 0.0.0)

GIT
  remote: https://bitbucket.org/voxeolabs/rayo-chef.git
  ref: master
  sha: 92498a2e2c5c7423b9f330ae2538d689cfbee6e5
  specs:
    rayo (0.0.1)
      prism (>= 0.0.0)

GIT
  remote: https://github.com/edelight/chef-solo-search.git
  ref: master
  sha: d84105ac63200425384f98a7999bd9c937bb2ae1
  specs:
    chef-solo-search (0.4.0)

GIT
  remote: https://github.com/fnichol/chef-rbenv.git
  ref: master
  sha: 3b1c59abc1134a50b0b8844954eca9a566aaffb8
  specs:
    rbenv (0.7.3)

GIT
  remote: https://github.com/fnichol/chef-ruby_build.git
  ref: master
  sha: c940b5e9cd40eaba10d6285de6648f4d25fe959d
  specs:
    ruby_build (0.7.2)

GIT
  remote: https://github.com/mojolingo/freeswitch-cookbook.git
  ref: master
  sha: f4e76ed3928cf6cb60c2a27646479f04c17010e3
  specs:
    freeswitch (0.1.0)

GIT
  remote: https://github.com/mojolingo/lumenvox-chef.git
  ref: master
  sha: f9c7568a06345965d347c0c37f6b41a6635fcd1f
  specs:
    lumenvox (0.0.2)
      yum (>= 0.0.0)

PATH
  remote: mojolingo-misc
  specs:
    mojolingo-misc (0.0.0)

DEPENDENCIES
  apt (>= 0)
  asterisk (>= 0)
  chef-solo-search (>= 0)
  freeswitch (>= 0)
  java (>= 0)
  jmxsh (>= 0)
  lumenvox (>= 0)
  mojolingo-misc (>= 0)
  prism (>= 0)
  rayo (>= 0)
  rbenv (>= 0)
  ruby_build (>= 0)
  yum (>= 0)

